{
  "projects": [
    {
      "projectId": "b2N1SxytDee9rZxNaRXhrA",
      "version": "latest",
      "dependencies": {},
      "lang": "ts",
      "fileLocks": [
        {
          "type": "globalVariant",
          "assetId": "oETxcB8OHq_",
          "checksum": "3b27b996599346664a24b10074ec12f9"
        },
        {
          "type": "renderModule",
          "assetId": "kzMiwrSNTf",
          "checksum": "5cfe9d531973d5ee320f07080e3bad28"
        },
        {
          "type": "cssRules",
          "assetId": "kzMiwrSNTf",
          "checksum": "5cfe9d531973d5ee320f07080e3bad28"
        },
        {
          "type": "renderModule",
          "assetId": "tmh_LpOVi7",
          "checksum": "01215f2c54ec2b0af62014d4bc2f7106"
        },
        {
          "type": "cssRules",
          "assetId": "tmh_LpOVi7",
          "checksum": "01215f2c54ec2b0af62014d4bc2f7106"
        },
        {
          "type": "icon",
          "assetId": "sulFYVmhND",
          "checksum": "2565fa0e26b0ec06e9d37368340af104"
        },
        {
          "type": "icon",
          "assetId": "v628lQtltdE",
          "checksum": "b25b51b9612d26689ed0bba6ec093369"
        },
        {
          "type": "icon",
          "assetId": "RP7Uw6dsaBm",
          "checksum": "b1e5c3689a149decd45aba0094e8c306"
        },
        {
          "type": "icon",
          "assetId": "aDEPzLw92u-",
          "checksum": "a292250bb2604aae959c445291c2c5a7"
        },
        {
          "type": "icon",
          "assetId": "neC6Tls1_in",
          "checksum": "f279e2eda9326d37d6b6071181d35c65"
        },
        {
          "type": "icon",
          "assetId": "5ZVmA4Fqsny",
          "checksum": "145faa144dc0d2bd765960df29c7c927"
        },
        {
          "type": "icon",
          "assetId": "IFQA6r2zxOA",
          "checksum": "eb944fe22601f4c581344ccd59aa35f6"
        },
        {
          "type": "icon",
          "assetId": "vRwWs7zRRkJ",
          "checksum": "11f0606d2f06763521ba6a4ff007459d"
        },
        {
          "type": "icon",
          "assetId": "hr3xExKMLW2",
          "checksum": "f6012575cd8f4ddc07471a42cb22f519"
        },
        {
          "type": "icon",
          "assetId": "YeeCS-WaFGL",
          "checksum": "0a7d56eb6c222996bf6c88ec36e77048"
        },
        {
          "type": "icon",
          "assetId": "JyHlNmbP0Oj",
          "checksum": "528e44680925be8dd62c0f5f27fdded8"
        },
        {
          "type": "icon",
          "assetId": "RkqceEPUEOD",
          "checksum": "e7cb47d463c1d06b6b5e2d3c7a01cc39"
        },
        {
          "type": "icon",
          "assetId": "UcjCV_6-1rA",
          "checksum": "9b9b7d78db18b45e572fac25a78acdc0"
        },
        {
          "type": "icon",
          "assetId": "8LOdf4iVu6L",
          "checksum": "6c27c358a02df4e3b5f66b885d69ac68"
        },
        {
          "type": "icon",
          "assetId": "miRG5ExZtR3",
          "checksum": "e8d686cc8469e528491c19504394898c"
        },
        {
          "type": "icon",
          "assetId": "1NsaFHxmpvd",
          "checksum": "d3b0bf13f2f709530613d41e7f076e77"
        },
        {
          "type": "icon",
          "assetId": "CZAVJWqfrDy",
          "checksum": "1dd8e4bd2c05c68215f2b313e90bd12a"
        },
        {
          "type": "icon",
          "assetId": "iR9PTxThwpt",
          "checksum": "1cd55f4c302e98218d819bcaff714f99"
        },
        {
          "type": "icon",
          "assetId": "qO9QNwdDrLk",
          "checksum": "3cb7e8689164fcd78d798e6262871e71"
        },
        {
          "type": "icon",
          "assetId": "oo2jrc67Ay9",
          "checksum": "1672a7dcd10ee44d6662f6df230d7274"
        },
        {
          "type": "icon",
          "assetId": "MPuJw5lkSE0",
          "checksum": "620ce8721381028ea84c0ec33e9b81d7"
        },
        {
          "type": "icon",
          "assetId": "DFmRY2LVHM-",
          "checksum": "3852367f342040df3a30e6489ee18af3"
        },
        {
          "type": "icon",
          "assetId": "P1dBiO3WvP-",
          "checksum": "8b3e7b4f900ce124004b72861d2408cf"
        },
        {
          "type": "image",
          "assetId": "BxXf8nsFO",
          "checksum": "6f28b0f4cc60242ed7f7166c8bcc2bfa"
        },
        {
          "type": "image",
          "assetId": "hjAe7GFbiH",
          "checksum": "b03ff5a067d09faa80fab04ccd400ea4"
        },
        {
          "type": "image",
          "assetId": "tM15QEumeD",
          "checksum": "0919f6f0c1e2eb88b7b56933670d8d1f"
        },
        {
          "type": "image",
          "assetId": "6vbquDhc8T",
          "checksum": "a414a32b4983ca46eaa94be74845daa7"
        },
        {
          "type": "image",
          "assetId": "9biaTrzaVF",
          "checksum": "c54a5e8c57bec2538e64b73b211ff7ed"
        },
        {
          "type": "image",
          "assetId": "DcWB8ZYQOd",
          "checksum": "69ef7717e012a8f860b0fa74ff3c28f5"
        },
        {
          "type": "image",
          "assetId": "NsbhXcaViN",
          "checksum": "8980e672b7821e19764036fbc6154bcf"
        },
        {
          "type": "image",
          "assetId": "Z0P2z3HT9F",
          "checksum": "11bfd6407994406b9c4bf8c82f0c0359"
        },
        {
          "type": "image",
          "assetId": "FMIezCbxdT",
          "checksum": "2c9b8d9a04b7f91d7aab28c476e02bf0"
        },
        {
          "type": "image",
          "assetId": "-oKZesb617J",
          "checksum": "69cbaa1afd6de7860471db74dd9b32ea"
        },
        {
          "type": "image",
          "assetId": "K7U8L7dZwCO",
          "checksum": "308bc848d22871a52342744e13d934d4"
        },
        {
          "type": "image",
          "assetId": "SO0Fwqv870U",
          "checksum": "3f820eb1182171dc897a3776e137f478"
        },
        {
          "assetId": "b2N1SxytDee9rZxNaRXhrA",
          "type": "projectCss",
          "checksum": "d34c0b06d35bb5e9dfb4a637b95aec28"
        },
        {
          "type": "renderModule",
          "assetId": "SdkReR4VXx",
          "checksum": "7d4a0ae01f6d121cd94a3a312d82decd"
        },
        {
          "type": "cssRules",
          "assetId": "SdkReR4VXx",
          "checksum": "7d4a0ae01f6d121cd94a3a312d82decd"
        },
        {
          "type": "icon",
          "assetId": "EXGyL4hUSP-",
          "checksum": "c1e62f979f217d2b66de452ba9da061c"
        },
        {
          "type": "icon",
          "assetId": "qvwCQCYGt6O",
          "checksum": "54cd49b3571d81351d9f05f85ea940a8"
        },
        {
          "type": "icon",
          "assetId": "3iubnGhuWdd",
          "checksum": "3487f9cf69d6c0cdc50db858567f76e4"
        },
        {
          "type": "icon",
          "assetId": "GPF_5qGY95L",
          "checksum": "5fd01e8d4f9c46953aac63f7b828ac31"
        },
        {
          "type": "icon",
          "assetId": "93GedajKrdR",
          "checksum": "47791fb86cee473b2ec87308173de58f"
        },
        {
          "type": "image",
          "assetId": "JAX2Hp9UH",
          "checksum": "895f32911919172d61c11ebe4c88d750"
        },
        {
          "type": "image",
          "assetId": "XwX14-iwWW",
          "checksum": "83619335ef8ba58b45d4a5b716bb5bc0"
        },
        {
          "type": "image",
          "assetId": "QdC6GH6JG9",
          "checksum": "1c2b89b3b2ee1f111b5ea56465696739"
        },
        {
          "type": "image",
          "assetId": "dhj53EvLpL",
          "checksum": "49906065e0bed3de1ceef9b3deb12d61"
        },
        {
          "type": "image",
          "assetId": "kIrQ6TYzZX",
          "checksum": "687c4f07b8e32db371073c8da3c31798"
        },
        {
          "type": "image",
          "assetId": "M1UqWIO3hZ",
          "checksum": "806938b8056656ae26c30de35313f490"
        },
        {
          "type": "image",
          "assetId": "T5vogxsbv9",
          "checksum": "70812662ac70f219a5e86ff72cf025d1"
        },
        {
          "type": "image",
          "assetId": "IZuC_HASDh",
          "checksum": "dd091fa46e9449433dab9ec91169ef88"
        },
        {
          "type": "image",
          "assetId": "oGvbF-tT78G",
          "checksum": "61065b5f53d4474b0cb1f2214c75cabc"
        },
        {
          "type": "image",
          "assetId": "6YgVRSvsuiH",
          "checksum": "c09c8ae0d2ad7f150369c4948921bdb1"
        },
        {
          "type": "image",
          "assetId": "m7IMCZ7ZtKq",
          "checksum": "0baebab28caf460c61b2f18d9e705563"
        },
        {
          "type": "image",
          "assetId": "j8cpgS9veyD",
          "checksum": "3d43c5bb4088346e89e4d1edbd5f0193"
        },
        {
          "type": "image",
          "assetId": "Z1EnvpRmaoL",
          "checksum": "5a8129aa2e45075f4ecc824b940a68df"
        }
      ]
    }
  ],
  "cliVersion": "0.1.166"
}
