{
  "projects": [
    {
      "projectId": "b2N1SxytDee9rZxNaRXhrA",
      "version": "latest",
      "dependencies": {},
      "lang": "ts",
      "fileLocks": [
        {
          "type": "globalVariant",
          "assetId": "oETxcB8OHq_",
          "checksum": "3b27b996599346664a24b10074ec12f9"
        },
        {
          "assetId": "b2N1SxytDee9rZxNaRXhrA",
          "type": "projectCss",
          "checksum": "54ba189412cf4c57ab0bd559f4db5e2d"
        },
        {
          "type": "renderModule",
          "assetId": "kzMiwrSNTf",
          "checksum": "5cfe9d531973d5ee320f07080e3bad28"
        },
        {
          "type": "cssRules",
          "assetId": "kzMiwrSNTf",
          "checksum": "5cfe9d531973d5ee320f07080e3bad28"
        },
        {
          "type": "renderModule",
          "assetId": "tmh_LpOVi7",
          "checksum": "47db8b7e19f19d36fd5ab258b9298ea7"
        },
        {
          "type": "cssRules",
          "assetId": "tmh_LpOVi7",
          "checksum": "47db8b7e19f19d36fd5ab258b9298ea7"
        },
        {
          "type": "icon",
          "assetId": "sulFYVmhND",
          "checksum": "2565fa0e26b0ec06e9d37368340af104"
        },
        {
          "type": "icon",
          "assetId": "v628lQtltdE",
          "checksum": "b25b51b9612d26689ed0bba6ec093369"
        },
        {
          "type": "icon",
          "assetId": "RP7Uw6dsaBm",
          "checksum": "b1e5c3689a149decd45aba0094e8c306"
        },
        {
          "type": "icon",
          "assetId": "aDEPzLw92u-",
          "checksum": "a292250bb2604aae959c445291c2c5a7"
        },
        {
          "type": "icon",
          "assetId": "neC6Tls1_in",
          "checksum": "f279e2eda9326d37d6b6071181d35c65"
        },
        {
          "type": "icon",
          "assetId": "5ZVmA4Fqsny",
          "checksum": "145faa144dc0d2bd765960df29c7c927"
        },
        {
          "type": "icon",
          "assetId": "IFQA6r2zxOA",
          "checksum": "eb944fe22601f4c581344ccd59aa35f6"
        },
        {
          "type": "icon",
          "assetId": "vRwWs7zRRkJ",
          "checksum": "11f0606d2f06763521ba6a4ff007459d"
        },
        {
          "type": "icon",
          "assetId": "hr3xExKMLW2",
          "checksum": "f6012575cd8f4ddc07471a42cb22f519"
        },
        {
          "type": "icon",
          "assetId": "YeeCS-WaFGL",
          "checksum": "0a7d56eb6c222996bf6c88ec36e77048"
        },
        {
          "type": "icon",
          "assetId": "JyHlNmbP0Oj",
          "checksum": "528e44680925be8dd62c0f5f27fdded8"
        },
        {
          "type": "icon",
          "assetId": "RkqceEPUEOD",
          "checksum": "e7cb47d463c1d06b6b5e2d3c7a01cc39"
        },
        {
          "type": "icon",
          "assetId": "UcjCV_6-1rA",
          "checksum": "9b9b7d78db18b45e572fac25a78acdc0"
        },
        {
          "type": "icon",
          "assetId": "8LOdf4iVu6L",
          "checksum": "6c27c358a02df4e3b5f66b885d69ac68"
        },
        {
          "type": "icon",
          "assetId": "miRG5ExZtR3",
          "checksum": "e8d686cc8469e528491c19504394898c"
        },
        {
          "type": "icon",
          "assetId": "1NsaFHxmpvd",
          "checksum": "d3b0bf13f2f709530613d41e7f076e77"
        },
        {
          "type": "icon",
          "assetId": "CZAVJWqfrDy",
          "checksum": "1dd8e4bd2c05c68215f2b313e90bd12a"
        },
        {
          "type": "icon",
          "assetId": "iR9PTxThwpt",
          "checksum": "1cd55f4c302e98218d819bcaff714f99"
        },
        {
          "type": "icon",
          "assetId": "qO9QNwdDrLk",
          "checksum": "3cb7e8689164fcd78d798e6262871e71"
        },
        {
          "type": "icon",
          "assetId": "oo2jrc67Ay9",
          "checksum": "1672a7dcd10ee44d6662f6df230d7274"
        },
        {
          "type": "icon",
          "assetId": "MPuJw5lkSE0",
          "checksum": "620ce8721381028ea84c0ec33e9b81d7"
        },
        {
          "type": "icon",
          "assetId": "DFmRY2LVHM-",
          "checksum": "3852367f342040df3a30e6489ee18af3"
        },
        {
          "type": "icon",
          "assetId": "P1dBiO3WvP-",
          "checksum": "8b3e7b4f900ce124004b72861d2408cf"
        },
        {
          "type": "image",
          "assetId": "BxXf8nsFO",
          "checksum": "6f28b0f4cc60242ed7f7166c8bcc2bfa"
        },
        {
          "type": "image",
          "assetId": "hjAe7GFbiH",
          "checksum": "b03ff5a067d09faa80fab04ccd400ea4"
        },
        {
          "type": "image",
          "assetId": "tM15QEumeD",
          "checksum": "0919f6f0c1e2eb88b7b56933670d8d1f"
        },
        {
          "type": "image",
          "assetId": "6vbquDhc8T",
          "checksum": "a414a32b4983ca46eaa94be74845daa7"
        },
        {
          "type": "image",
          "assetId": "9biaTrzaVF",
          "checksum": "c54a5e8c57bec2538e64b73b211ff7ed"
        },
        {
          "type": "image",
          "assetId": "DcWB8ZYQOd",
          "checksum": "69ef7717e012a8f860b0fa74ff3c28f5"
        },
        {
          "type": "image",
          "assetId": "NsbhXcaViN",
          "checksum": "8980e672b7821e19764036fbc6154bcf"
        },
        {
          "type": "image",
          "assetId": "Z0P2z3HT9F",
          "checksum": "11bfd6407994406b9c4bf8c82f0c0359"
        },
        {
          "type": "image",
          "assetId": "FMIezCbxdT",
          "checksum": "2c9b8d9a04b7f91d7aab28c476e02bf0"
        },
        {
          "type": "image",
          "assetId": "-oKZesb617J",
          "checksum": "69cbaa1afd6de7860471db74dd9b32ea"
        },
        {
          "type": "image",
          "assetId": "K7U8L7dZwCO",
          "checksum": "308bc848d22871a52342744e13d934d4"
        },
        {
          "type": "image",
          "assetId": "SO0Fwqv870U",
          "checksum": "3f820eb1182171dc897a3776e137f478"
        }
      ]
    }
  ],
  "cliVersion": "0.1.166"
}
